
Microsoft Visual Studio Solution File, Format Version 12.00
# Visual Studio 2013
VisualStudioVersion = 12.0.31101.0
MinimumVisualStudioVersion = 10.0.40219.1
Project("{8BC9CEB8-8B4A-11D0-8D11-00A0C91BC942}") = "Assign1Prob2LawnMowerAlgOptimized", "Assign1Prob2LawnMowerAlgOptimized\Assign1Prob2LawnMowerAlgOptimized.vcxproj", "{FF4FF48C-283C-49F0-83A2-3FA937F30AED}"
EndProject
Global
	GlobalSection(SolutionConfigurationPlatforms) = preSolution
		Debug|Win32 = Debug|Win32
		Release|Win32 = Release|Win32
	EndGlobalSection
	GlobalSection(ProjectConfigurationPlatforms) = postSolution
		{FF4FF48C-283C-49F0-83A2-3FA937F30AED}.Debug|Win32.ActiveCfg = Debug|Win32
		{FF4FF48C-283C-49F0-83A2-3FA937F30AED}.Debug|Win32.Build.0 = Debug|Win32
		{FF4FF48C-283C-49F0-83A2-3FA937F30AED}.Release|Win32.ActiveCfg = Release|Win32
		{FF4FF48C-283C-49F0-83A2-3FA937F30AED}.Release|Win32.Build.0 = Release|Win32
	EndGlobalSection
	GlobalSection(SolutionProperties) = preSolution
		HideSolutionNode = FALSE
	EndGlobalSection
EndGlobal
